
Microsoft Visual Studio Solution File, Format Version 12.00
# Visual Studio Version 16
VisualStudioVersion = 16.0.29709.97
MinimumVisualStudioVersion = 10.0.40219.1
Project("{9A19103F-16F7-4668-BE54-9A1E7A4F7556}") = "CS.Common", "CS.Common\CS.Common.csproj", "{3389F2AA-7B1B-42C2-9F47-53E9E83F9B09}"
EndProject
Project("{9A19103F-16F7-4668-BE54-9A1E7A4F7556}") = "CS.Configuration", "CS.Configuration\CS.Configuration.csproj", "{18948921-E9DB-406E-8292-5A5D3EDA1FEF}"
EndProject
Project("{9A19103F-16F7-4668-BE54-9A1E7A4F7556}") = "CS.Middleware", "CS.Middleware\CS.Middleware.csproj", "{D365A131-1C91-4712-92B9-6712BD662D26}"
EndProject
Project("{9A19103F-16F7-4668-BE54-9A1E7A4F7556}") = "CS.Base", "CS.Base\CS.Base.csproj", "{8A6E136E-9BDB-419D-95E3-9A124588915C}"
EndProject
Project("{2150E333-8FDC-42A3-9474-1A3956D46DE8}") = "Core", "Core", "{6748AEB9-6CE6-40B9-AC34-90C509CB6205}"
EndProject
Project("{9A19103F-16F7-4668-BE54-9A1E7A4F7556}") = "CS.Helper", "CS.Helper\CS.Helper.csproj", "{05FB8A4F-08B3-449B-A7BC-3DAD5AC60A90}"
EndProject
Project("{9A19103F-16F7-4668-BE54-9A1E7A4F7556}") = "TEK.Core", "TEK.Core\TEK.Core.csproj", "{11927517-883B-41F4-86B6-47250C43F473}"
EndProject
Project("{9A19103F-16F7-4668-BE54-9A1E7A4F7556}") = "TEK.Core.UoW", "TEK.Core.UoW\TEK.Core.UoW.csproj", "{F63C267D-42A9-491A-8019-202B03B3CF21}"
EndProject
Project("{9A19103F-16F7-4668-BE54-9A1E7A4F7556}") = "TEK.Core.Service", "TEK.Core.Service\TEK.Core.Service.csproj", "{E4CF46CB-68C3-44B0-8981-D29ADF1958AD}"
EndProject
Project("{9A19103F-16F7-4668-BE54-9A1E7A4F7556}") = "CS.EF", "CS.EF\CS.EF.csproj", "{BF2FC103-9F39-49A7-AC21-6915E045F86E}"
EndProject
Project("{9A19103F-16F7-4668-BE54-9A1E7A4F7556}") = "CS.VM", "CS.ViewModel\CS.VM.csproj", "{20F1B1E6-716B-44C5-AB2D-2C29B001A504}"
EndProject
Project("{2150E333-8FDC-42A3-9474-1A3956D46DE8}") = "Device", "Device", "{9DE29825-BC71-4878-AD4F-2AC28D57F2DC}"
EndProject
Project("{9A19103F-16F7-4668-BE54-9A1E7A4F7556}") = "TEK.Core.App", "TEK.Core.App\TEK.Core.App.csproj", "{9019A93F-E71E-4E8C-8E96-118AD77A20CB}"
EndProject
Project("{9A19103F-16F7-4668-BE54-9A1E7A4F7556}") = "TEK.Core.App.Domain", "TEK.Core.App.Domain\TEK.Core.App.Domain.csproj", "{8E542FF7-1417-47C1-9035-A914E82A8BAD}"
EndProject
Project("{9A19103F-16F7-4668-BE54-9A1E7A4F7556}") = "TEK.Email", "TEK.Email\TEK.Email.csproj", "{720F18F6-E74A-4D8E-88FE-81C3BDEC68AF}"
EndProject
Project("{2150E333-8FDC-42A3-9474-1A3956D46DE8}") = "Calendar", "Calendar", "{E1322686-97A3-478D-BC5D-BB13575CB75D}"
EndProject
Project("{9A19103F-16F7-4668-BE54-9A1E7A4F7556}") = "TEK.Core.Calendar", "TEK.Core.Calendar\TEK.Core.Calendar.csproj", "{9D36016E-C84E-4D7E-8FB3-FFF21BD03A5E}"
EndProject
Project("{9A19103F-16F7-4668-BE54-9A1E7A4F7556}") = "TEK.Core.Calendar.Domain", "TEK.Core.Calendar.Domain\TEK.Core.Calendar.Domain.csproj", "{0515C6A4-5031-4CA2-AB51-9E5DE1FF583E}"
EndProject
Global
	GlobalSection(SolutionConfigurationPlatforms) = preSolution
		Debug|Any CPU = Debug|Any CPU
		Debug|x64 = Debug|x64
		Debug|x86 = Debug|x86
		Release|Any CPU = Release|Any CPU
		Release|x64 = Release|x64
		Release|x86 = Release|x86
	EndGlobalSection
	GlobalSection(ProjectConfigurationPlatforms) = postSolution
		{3389F2AA-7B1B-42C2-9F47-53E9E83F9B09}.Debug|Any CPU.ActiveCfg = Debug|Any CPU
		{3389F2AA-7B1B-42C2-9F47-53E9E83F9B09}.Debug|Any CPU.Build.0 = Debug|Any CPU
		{3389F2AA-7B1B-42C2-9F47-53E9E83F9B09}.Debug|x64.ActiveCfg = Debug|x64
		{3389F2AA-7B1B-42C2-9F47-53E9E83F9B09}.Debug|x64.Build.0 = Debug|x64
		{3389F2AA-7B1B-42C2-9F47-53E9E83F9B09}.Debug|x86.ActiveCfg = Debug|Any CPU
		{3389F2AA-7B1B-42C2-9F47-53E9E83F9B09}.Debug|x86.Build.0 = Debug|Any CPU
		{3389F2AA-7B1B-42C2-9F47-53E9E83F9B09}.Release|Any CPU.ActiveCfg = Release|Any CPU
		{3389F2AA-7B1B-42C2-9F47-53E9E83F9B09}.Release|Any CPU.Build.0 = Release|Any CPU
		{3389F2AA-7B1B-42C2-9F47-53E9E83F9B09}.Release|x64.ActiveCfg = Release|x64
		{3389F2AA-7B1B-42C2-9F47-53E9E83F9B09}.Release|x64.Build.0 = Release|x64
		{3389F2AA-7B1B-42C2-9F47-53E9E83F9B09}.Release|x86.ActiveCfg = Release|Any CPU
		{3389F2AA-7B1B-42C2-9F47-53E9E83F9B09}.Release|x86.Build.0 = Release|Any CPU
		{18948921-E9DB-406E-8292-5A5D3EDA1FEF}.Debug|Any CPU.ActiveCfg = Debug|Any CPU
		{18948921-E9DB-406E-8292-5A5D3EDA1FEF}.Debug|Any CPU.Build.0 = Debug|Any CPU
		{18948921-E9DB-406E-8292-5A5D3EDA1FEF}.Debug|x64.ActiveCfg = Debug|Any CPU
		{18948921-E9DB-406E-8292-5A5D3EDA1FEF}.Debug|x64.Build.0 = Debug|Any CPU
		{18948921-E9DB-406E-8292-5A5D3EDA1FEF}.Debug|x86.ActiveCfg = Debug|Any CPU
		{18948921-E9DB-406E-8292-5A5D3EDA1FEF}.Debug|x86.Build.0 = Debug|Any CPU
		{18948921-E9DB-406E-8292-5A5D3EDA1FEF}.Release|Any CPU.ActiveCfg = Release|Any CPU
		{18948921-E9DB-406E-8292-5A5D3EDA1FEF}.Release|Any CPU.Build.0 = Release|Any CPU
		{18948921-E9DB-406E-8292-5A5D3EDA1FEF}.Release|x64.ActiveCfg = Release|Any CPU
		{18948921-E9DB-406E-8292-5A5D3EDA1FEF}.Release|x64.Build.0 = Release|Any CPU
		{18948921-E9DB-406E-8292-5A5D3EDA1FEF}.Release|x86.ActiveCfg = Release|Any CPU
		{18948921-E9DB-406E-8292-5A5D3EDA1FEF}.Release|x86.Build.0 = Release|Any CPU
		{D365A131-1C91-4712-92B9-6712BD662D26}.Debug|Any CPU.ActiveCfg = Debug|Any CPU
		{D365A131-1C91-4712-92B9-6712BD662D26}.Debug|Any CPU.Build.0 = Debug|Any CPU
		{D365A131-1C91-4712-92B9-6712BD662D26}.Debug|x64.ActiveCfg = Debug|Any CPU
		{D365A131-1C91-4712-92B9-6712BD662D26}.Debug|x64.Build.0 = Debug|Any CPU
		{D365A131-1C91-4712-92B9-6712BD662D26}.Debug|x86.ActiveCfg = Debug|Any CPU
		{D365A131-1C91-4712-92B9-6712BD662D26}.Debug|x86.Build.0 = Debug|Any CPU
		{D365A131-1C91-4712-92B9-6712BD662D26}.Release|Any CPU.ActiveCfg = Release|Any CPU
		{D365A131-1C91-4712-92B9-6712BD662D26}.Release|Any CPU.Build.0 = Release|Any CPU
		{D365A131-1C91-4712-92B9-6712BD662D26}.Release|x64.ActiveCfg = Release|Any CPU
		{D365A131-1C91-4712-92B9-6712BD662D26}.Release|x64.Build.0 = Release|Any CPU
		{D365A131-1C91-4712-92B9-6712BD662D26}.Release|x86.ActiveCfg = Release|Any CPU
		{D365A131-1C91-4712-92B9-6712BD662D26}.Release|x86.Build.0 = Release|Any CPU
		{8A6E136E-9BDB-419D-95E3-9A124588915C}.Debug|Any CPU.ActiveCfg = Debug|Any CPU
		{8A6E136E-9BDB-419D-95E3-9A124588915C}.Debug|Any CPU.Build.0 = Debug|Any CPU
		{8A6E136E-9BDB-419D-95E3-9A124588915C}.Debug|x64.ActiveCfg = Debug|Any CPU
		{8A6E136E-9BDB-419D-95E3-9A124588915C}.Debug|x64.Build.0 = Debug|Any CPU
		{8A6E136E-9BDB-419D-95E3-9A124588915C}.Debug|x86.ActiveCfg = Debug|Any CPU
		{8A6E136E-9BDB-419D-95E3-9A124588915C}.Debug|x86.Build.0 = Debug|Any CPU
		{8A6E136E-9BDB-419D-95E3-9A124588915C}.Release|Any CPU.ActiveCfg = Release|Any CPU
		{8A6E136E-9BDB-419D-95E3-9A124588915C}.Release|Any CPU.Build.0 = Release|Any CPU
		{8A6E136E-9BDB-419D-95E3-9A124588915C}.Release|x64.ActiveCfg = Release|Any CPU
		{8A6E136E-9BDB-419D-95E3-9A124588915C}.Release|x64.Build.0 = Release|Any CPU
		{8A6E136E-9BDB-419D-95E3-9A124588915C}.Release|x86.ActiveCfg = Release|Any CPU
		{8A6E136E-9BDB-419D-95E3-9A124588915C}.Release|x86.Build.0 = Release|Any CPU
		{05FB8A4F-08B3-449B-A7BC-3DAD5AC60A90}.Debug|Any CPU.ActiveCfg = Debug|Any CPU
		{05FB8A4F-08B3-449B-A7BC-3DAD5AC60A90}.Debug|Any CPU.Build.0 = Debug|Any CPU
		{05FB8A4F-08B3-449B-A7BC-3DAD5AC60A90}.Debug|x64.ActiveCfg = Debug|Any CPU
		{05FB8A4F-08B3-449B-A7BC-3DAD5AC60A90}.Debug|x64.Build.0 = Debug|Any CPU
		{05FB8A4F-08B3-449B-A7BC-3DAD5AC60A90}.Debug|x86.ActiveCfg = Debug|Any CPU
		{05FB8A4F-08B3-449B-A7BC-3DAD5AC60A90}.Debug|x86.Build.0 = Debug|Any CPU
		{05FB8A4F-08B3-449B-A7BC-3DAD5AC60A90}.Release|Any CPU.ActiveCfg = Release|Any CPU
		{05FB8A4F-08B3-449B-A7BC-3DAD5AC60A90}.Release|Any CPU.Build.0 = Release|Any CPU
		{05FB8A4F-08B3-449B-A7BC-3DAD5AC60A90}.Release|x64.ActiveCfg = Release|Any CPU
		{05FB8A4F-08B3-449B-A7BC-3DAD5AC60A90}.Release|x64.Build.0 = Release|Any CPU
		{05FB8A4F-08B3-449B-A7BC-3DAD5AC60A90}.Release|x86.ActiveCfg = Release|Any CPU
		{05FB8A4F-08B3-449B-A7BC-3DAD5AC60A90}.Release|x86.Build.0 = Release|Any CPU
		{11927517-883B-41F4-86B6-47250C43F473}.Debug|Any CPU.ActiveCfg = Debug|Any CPU
		{11927517-883B-41F4-86B6-47250C43F473}.Debug|Any CPU.Build.0 = Debug|Any CPU
		{11927517-883B-41F4-86B6-47250C43F473}.Debug|x64.ActiveCfg = Debug|Any CPU
		{11927517-883B-41F4-86B6-47250C43F473}.Debug|x64.Build.0 = Debug|Any CPU
		{11927517-883B-41F4-86B6-47250C43F473}.Debug|x86.ActiveCfg = Debug|Any CPU
		{11927517-883B-41F4-86B6-47250C43F473}.Debug|x86.Build.0 = Debug|Any CPU
		{11927517-883B-41F4-86B6-47250C43F473}.Release|Any CPU.ActiveCfg = Release|Any CPU
		{11927517-883B-41F4-86B6-47250C43F473}.Release|Any CPU.Build.0 = Release|Any CPU
		{11927517-883B-41F4-86B6-47250C43F473}.Release|x64.ActiveCfg = Release|Any CPU
		{11927517-883B-41F4-86B6-47250C43F473}.Release|x64.Build.0 = Release|Any CPU
		{11927517-883B-41F4-86B6-47250C43F473}.Release|x86.ActiveCfg = Release|Any CPU
		{11927517-883B-41F4-86B6-47250C43F473}.Release|x86.Build.0 = Release|Any CPU
		{F63C267D-42A9-491A-8019-202B03B3CF21}.Debug|Any CPU.ActiveCfg = Debug|Any CPU
		{F63C267D-42A9-491A-8019-202B03B3CF21}.Debug|Any CPU.Build.0 = Debug|Any CPU
		{F63C267D-42A9-491A-8019-202B03B3CF21}.Debug|x64.ActiveCfg = Debug|Any CPU
		{F63C267D-42A9-491A-8019-202B03B3CF21}.Debug|x64.Build.0 = Debug|Any CPU
		{F63C267D-42A9-491A-8019-202B03B3CF21}.Debug|x86.ActiveCfg = Debug|Any CPU
		{F63C267D-42A9-491A-8019-202B03B3CF21}.Debug|x86.Build.0 = Debug|Any CPU
		{F63C267D-42A9-491A-8019-202B03B3CF21}.Release|Any CPU.ActiveCfg = Release|Any CPU
		{F63C267D-42A9-491A-8019-202B03B3CF21}.Release|Any CPU.Build.0 = Release|Any CPU
		{F63C267D-42A9-491A-8019-202B03B3CF21}.Release|x64.ActiveCfg = Release|Any CPU
		{F63C267D-42A9-491A-8019-202B03B3CF21}.Release|x64.Build.0 = Release|Any CPU
		{F63C267D-42A9-491A-8019-202B03B3CF21}.Release|x86.ActiveCfg = Release|Any CPU
		{F63C267D-42A9-491A-8019-202B03B3CF21}.Release|x86.Build.0 = Release|Any CPU
		{E4CF46CB-68C3-44B0-8981-D29ADF1958AD}.Debug|Any CPU.ActiveCfg = Debug|Any CPU
		{E4CF46CB-68C3-44B0-8981-D29ADF1958AD}.Debug|Any CPU.Build.0 = Debug|Any CPU
		{E4CF46CB-68C3-44B0-8981-D29ADF1958AD}.Debug|x64.ActiveCfg = Debug|Any CPU
		{E4CF46CB-68C3-44B0-8981-D29ADF1958AD}.Debug|x64.Build.0 = Debug|Any CPU
		{E4CF46CB-68C3-44B0-8981-D29ADF1958AD}.Debug|x86.ActiveCfg = Debug|Any CPU
		{E4CF46CB-68C3-44B0-8981-D29ADF1958AD}.Debug|x86.Build.0 = Debug|Any CPU
		{E4CF46CB-68C3-44B0-8981-D29ADF1958AD}.Release|Any CPU.ActiveCfg = Release|Any CPU
		{E4CF46CB-68C3-44B0-8981-D29ADF1958AD}.Release|Any CPU.Build.0 = Release|Any CPU
		{E4CF46CB-68C3-44B0-8981-D29ADF1958AD}.Release|x64.ActiveCfg = Release|Any CPU
		{E4CF46CB-68C3-44B0-8981-D29ADF1958AD}.Release|x64.Build.0 = Release|Any CPU
		{E4CF46CB-68C3-44B0-8981-D29ADF1958AD}.Release|x86.ActiveCfg = Release|Any CPU
		{E4CF46CB-68C3-44B0-8981-D29ADF1958AD}.Release|x86.Build.0 = Release|Any CPU
		{BF2FC103-9F39-49A7-AC21-6915E045F86E}.Debug|Any CPU.ActiveCfg = Debug|Any CPU
		{BF2FC103-9F39-49A7-AC21-6915E045F86E}.Debug|Any CPU.Build.0 = Debug|Any CPU
		{BF2FC103-9F39-49A7-AC21-6915E045F86E}.Debug|x64.ActiveCfg = Debug|Any CPU
		{BF2FC103-9F39-49A7-AC21-6915E045F86E}.Debug|x64.Build.0 = Debug|Any CPU
		{BF2FC103-9F39-49A7-AC21-6915E045F86E}.Debug|x86.ActiveCfg = Debug|Any CPU
		{BF2FC103-9F39-49A7-AC21-6915E045F86E}.Debug|x86.Build.0 = Debug|Any CPU
		{BF2FC103-9F39-49A7-AC21-6915E045F86E}.Release|Any CPU.ActiveCfg = Release|Any CPU
		{BF2FC103-9F39-49A7-AC21-6915E045F86E}.Release|Any CPU.Build.0 = Release|Any CPU
		{BF2FC103-9F39-49A7-AC21-6915E045F86E}.Release|x64.ActiveCfg = Release|Any CPU
		{BF2FC103-9F39-49A7-AC21-6915E045F86E}.Release|x64.Build.0 = Release|Any CPU
		{BF2FC103-9F39-49A7-AC21-6915E045F86E}.Release|x86.ActiveCfg = Release|Any CPU
		{BF2FC103-9F39-49A7-AC21-6915E045F86E}.Release|x86.Build.0 = Release|Any CPU
		{20F1B1E6-716B-44C5-AB2D-2C29B001A504}.Debug|Any CPU.ActiveCfg = Debug|Any CPU
		{20F1B1E6-716B-44C5-AB2D-2C29B001A504}.Debug|Any CPU.Build.0 = Debug|Any CPU
		{20F1B1E6-716B-44C5-AB2D-2C29B001A504}.Debug|x64.ActiveCfg = Debug|Any CPU
		{20F1B1E6-716B-44C5-AB2D-2C29B001A504}.Debug|x64.Build.0 = Debug|Any CPU
		{20F1B1E6-716B-44C5-AB2D-2C29B001A504}.Debug|x86.ActiveCfg = Debug|Any CPU
		{20F1B1E6-716B-44C5-AB2D-2C29B001A504}.Debug|x86.Build.0 = Debug|Any CPU
		{20F1B1E6-716B-44C5-AB2D-2C29B001A504}.Release|Any CPU.ActiveCfg = Release|Any CPU
		{20F1B1E6-716B-44C5-AB2D-2C29B001A504}.Release|Any CPU.Build.0 = Release|Any CPU
		{20F1B1E6-716B-44C5-AB2D-2C29B001A504}.Release|x64.ActiveCfg = Release|Any CPU
		{20F1B1E6-716B-44C5-AB2D-2C29B001A504}.Release|x64.Build.0 = Release|Any CPU
		{20F1B1E6-716B-44C5-AB2D-2C29B001A504}.Release|x86.ActiveCfg = Release|Any CPU
		{20F1B1E6-716B-44C5-AB2D-2C29B001A504}.Release|x86.Build.0 = Release|Any CPU
		{9019A93F-E71E-4E8C-8E96-118AD77A20CB}.Debug|Any CPU.ActiveCfg = Debug|Any CPU
		{9019A93F-E71E-4E8C-8E96-118AD77A20CB}.Debug|Any CPU.Build.0 = Debug|Any CPU
		{9019A93F-E71E-4E8C-8E96-118AD77A20CB}.Debug|x64.ActiveCfg = Debug|Any CPU
		{9019A93F-E71E-4E8C-8E96-118AD77A20CB}.Debug|x64.Build.0 = Debug|Any CPU
		{9019A93F-E71E-4E8C-8E96-118AD77A20CB}.Debug|x86.ActiveCfg = Debug|Any CPU
		{9019A93F-E71E-4E8C-8E96-118AD77A20CB}.Debug|x86.Build.0 = Debug|Any CPU
		{9019A93F-E71E-4E8C-8E96-118AD77A20CB}.Release|Any CPU.ActiveCfg = Release|Any CPU
		{9019A93F-E71E-4E8C-8E96-118AD77A20CB}.Release|Any CPU.Build.0 = Release|Any CPU
		{9019A93F-E71E-4E8C-8E96-118AD77A20CB}.Release|x64.ActiveCfg = Release|Any CPU
		{9019A93F-E71E-4E8C-8E96-118AD77A20CB}.Release|x64.Build.0 = Release|Any CPU
		{9019A93F-E71E-4E8C-8E96-118AD77A20CB}.Release|x86.ActiveCfg = Release|Any CPU
		{9019A93F-E71E-4E8C-8E96-118AD77A20CB}.Release|x86.Build.0 = Release|Any CPU
		{8E542FF7-1417-47C1-9035-A914E82A8BAD}.Debug|Any CPU.ActiveCfg = Debug|Any CPU
		{8E542FF7-1417-47C1-9035-A914E82A8BAD}.Debug|Any CPU.Build.0 = Debug|Any CPU
		{8E542FF7-1417-47C1-9035-A914E82A8BAD}.Debug|x64.ActiveCfg = Debug|Any CPU
		{8E542FF7-1417-47C1-9035-A914E82A8BAD}.Debug|x64.Build.0 = Debug|Any CPU
		{8E542FF7-1417-47C1-9035-A914E82A8BAD}.Debug|x86.ActiveCfg = Debug|Any CPU
		{8E542FF7-1417-47C1-9035-A914E82A8BAD}.Debug|x86.Build.0 = Debug|Any CPU
		{8E542FF7-1417-47C1-9035-A914E82A8BAD}.Release|Any CPU.ActiveCfg = Release|Any CPU
		{8E542FF7-1417-47C1-9035-A914E82A8BAD}.Release|Any CPU.Build.0 = Release|Any CPU
		{8E542FF7-1417-47C1-9035-A914E82A8BAD}.Release|x64.ActiveCfg = Release|Any CPU
		{8E542FF7-1417-47C1-9035-A914E82A8BAD}.Release|x64.Build.0 = Release|Any CPU
		{8E542FF7-1417-47C1-9035-A914E82A8BAD}.Release|x86.ActiveCfg = Release|Any CPU
		{8E542FF7-1417-47C1-9035-A914E82A8BAD}.Release|x86.Build.0 = Release|Any CPU
		{720F18F6-E74A-4D8E-88FE-81C3BDEC68AF}.Debug|Any CPU.ActiveCfg = Debug|Any CPU
		{720F18F6-E74A-4D8E-88FE-81C3BDEC68AF}.Debug|Any CPU.Build.0 = Debug|Any CPU
		{720F18F6-E74A-4D8E-88FE-81C3BDEC68AF}.Debug|x64.ActiveCfg = Debug|Any CPU
		{720F18F6-E74A-4D8E-88FE-81C3BDEC68AF}.Debug|x64.Build.0 = Debug|Any CPU
		{720F18F6-E74A-4D8E-88FE-81C3BDEC68AF}.Debug|x86.ActiveCfg = Debug|Any CPU
		{720F18F6-E74A-4D8E-88FE-81C3BDEC68AF}.Debug|x86.Build.0 = Debug|Any CPU
		{720F18F6-E74A-4D8E-88FE-81C3BDEC68AF}.Release|Any CPU.ActiveCfg = Release|Any CPU
		{720F18F6-E74A-4D8E-88FE-81C3BDEC68AF}.Release|Any CPU.Build.0 = Release|Any CPU
		{720F18F6-E74A-4D8E-88FE-81C3BDEC68AF}.Release|x64.ActiveCfg = Release|Any CPU
		{720F18F6-E74A-4D8E-88FE-81C3BDEC68AF}.Release|x64.Build.0 = Release|Any CPU
		{720F18F6-E74A-4D8E-88FE-81C3BDEC68AF}.Release|x86.ActiveCfg = Release|Any CPU
		{720F18F6-E74A-4D8E-88FE-81C3BDEC68AF}.Release|x86.Build.0 = Release|Any CPU
		{9D36016E-C84E-4D7E-8FB3-FFF21BD03A5E}.Debug|Any CPU.ActiveCfg = Debug|Any CPU
		{9D36016E-C84E-4D7E-8FB3-FFF21BD03A5E}.Debug|Any CPU.Build.0 = Debug|Any CPU
		{9D36016E-C84E-4D7E-8FB3-FFF21BD03A5E}.Debug|x64.ActiveCfg = Debug|Any CPU
		{9D36016E-C84E-4D7E-8FB3-FFF21BD03A5E}.Debug|x64.Build.0 = Debug|Any CPU
		{9D36016E-C84E-4D7E-8FB3-FFF21BD03A5E}.Debug|x86.ActiveCfg = Debug|Any CPU
		{9D36016E-C84E-4D7E-8FB3-FFF21BD03A5E}.Debug|x86.Build.0 = Debug|Any CPU
		{9D36016E-C84E-4D7E-8FB3-FFF21BD03A5E}.Release|Any CPU.ActiveCfg = Release|Any CPU
		{9D36016E-C84E-4D7E-8FB3-FFF21BD03A5E}.Release|Any CPU.Build.0 = Release|Any CPU
		{9D36016E-C84E-4D7E-8FB3-FFF21BD03A5E}.Release|x64.ActiveCfg = Release|Any CPU
		{9D36016E-C84E-4D7E-8FB3-FFF21BD03A5E}.Release|x64.Build.0 = Release|Any CPU
		{9D36016E-C84E-4D7E-8FB3-FFF21BD03A5E}.Release|x86.ActiveCfg = Release|Any CPU
		{9D36016E-C84E-4D7E-8FB3-FFF21BD03A5E}.Release|x86.Build.0 = Release|Any CPU
		{0515C6A4-5031-4CA2-AB51-9E5DE1FF583E}.Debug|Any CPU.ActiveCfg = Debug|Any CPU
		{0515C6A4-5031-4CA2-AB51-9E5DE1FF583E}.Debug|Any CPU.Build.0 = Debug|Any CPU
		{0515C6A4-5031-4CA2-AB51-9E5DE1FF583E}.Debug|x64.ActiveCfg = Debug|Any CPU
		{0515C6A4-5031-4CA2-AB51-9E5DE1FF583E}.Debug|x64.Build.0 = Debug|Any CPU
		{0515C6A4-5031-4CA2-AB51-9E5DE1FF583E}.Debug|x86.ActiveCfg = Debug|Any CPU
		{0515C6A4-5031-4CA2-AB51-9E5DE1FF583E}.Debug|x86.Build.0 = Debug|Any CPU
		{0515C6A4-5031-4CA2-AB51-9E5DE1FF583E}.Release|Any CPU.ActiveCfg = Release|Any CPU
		{0515C6A4-5031-4CA2-AB51-9E5DE1FF583E}.Release|Any CPU.Build.0 = Release|Any CPU
		{0515C6A4-5031-4CA2-AB51-9E5DE1FF583E}.Release|x64.ActiveCfg = Release|Any CPU
		{0515C6A4-5031-4CA2-AB51-9E5DE1FF583E}.Release|x64.Build.0 = Release|Any CPU
		{0515C6A4-5031-4CA2-AB51-9E5DE1FF583E}.Release|x86.ActiveCfg = Release|Any CPU
		{0515C6A4-5031-4CA2-AB51-9E5DE1FF583E}.Release|x86.Build.0 = Release|Any CPU
	EndGlobalSection
	GlobalSection(SolutionProperties) = preSolution
		HideSolutionNode = FALSE
	EndGlobalSection
	GlobalSection(NestedProjects) = preSolution
		{3389F2AA-7B1B-42C2-9F47-53E9E83F9B09} = {6748AEB9-6CE6-40B9-AC34-90C509CB6205}
		{18948921-E9DB-406E-8292-5A5D3EDA1FEF} = {6748AEB9-6CE6-40B9-AC34-90C509CB6205}
		{D365A131-1C91-4712-92B9-6712BD662D26} = {6748AEB9-6CE6-40B9-AC34-90C509CB6205}
		{8A6E136E-9BDB-419D-95E3-9A124588915C} = {6748AEB9-6CE6-40B9-AC34-90C509CB6205}
		{05FB8A4F-08B3-449B-A7BC-3DAD5AC60A90} = {6748AEB9-6CE6-40B9-AC34-90C509CB6205}
		{11927517-883B-41F4-86B6-47250C43F473} = {6748AEB9-6CE6-40B9-AC34-90C509CB6205}
		{F63C267D-42A9-491A-8019-202B03B3CF21} = {6748AEB9-6CE6-40B9-AC34-90C509CB6205}
		{E4CF46CB-68C3-44B0-8981-D29ADF1958AD} = {6748AEB9-6CE6-40B9-AC34-90C509CB6205}
		{9019A93F-E71E-4E8C-8E96-118AD77A20CB} = {9DE29825-BC71-4878-AD4F-2AC28D57F2DC}
		{8E542FF7-1417-47C1-9035-A914E82A8BAD} = {9DE29825-BC71-4878-AD4F-2AC28D57F2DC}
		{720F18F6-E74A-4D8E-88FE-81C3BDEC68AF} = {6748AEB9-6CE6-40B9-AC34-90C509CB6205}
		{9D36016E-C84E-4D7E-8FB3-FFF21BD03A5E} = {E1322686-97A3-478D-BC5D-BB13575CB75D}
		{0515C6A4-5031-4CA2-AB51-9E5DE1FF583E} = {E1322686-97A3-478D-BC5D-BB13575CB75D}
	EndGlobalSection
	GlobalSection(ExtensibilityGlobals) = postSolution
		SolutionGuid = {32B89C1F-B9A7-49BA-BBAE-D42A33173700}
	EndGlobalSection
EndGlobal
